
Microsoft Visual Studio Solution File, Format Version 12.00
# Visual Studio Version 17
VisualStudioVersion = 17.9.34728.123
MinimumVisualStudioVersion = 10.0.40219.1
Project("{FAE04EC0-301F-11D3-BF4B-00C04F79EFBC}") = "GeradorDeTestes.WinForm", "Gerador-de-Testes-2024\GeradorDeTestes.WinForm.csproj", "{7F5D774B-99ED-4C35-A714-A5B35BCFA63F}"
EndProject
Global
	GlobalSection(SolutionConfigurationPlatforms) = preSolution
		Debug|Any CPU = Debug|Any CPU
		Release|Any CPU = Release|Any CPU
	EndGlobalSection
	GlobalSection(ProjectConfigurationPlatforms) = postSolution
		{7F5D774B-99ED-4C35-A714-A5B35BCFA63F}.Debug|Any CPU.ActiveCfg = Debug|Any CPU
		{7F5D774B-99ED-4C35-A714-A5B35BCFA63F}.Debug|Any CPU.Build.0 = Debug|Any CPU
		{7F5D774B-99ED-4C35-A714-A5B35BCFA63F}.Release|Any CPU.ActiveCfg = Release|Any CPU
		{7F5D774B-99ED-4C35-A714-A5B35BCFA63F}.Release|Any CPU.Build.0 = Release|Any CPU
	EndGlobalSection
	GlobalSection(SolutionProperties) = preSolution
		HideSolutionNode = FALSE
	EndGlobalSection
	GlobalSection(ExtensibilityGlobals) = postSolution
		SolutionGuid = {2533AE61-7EBB-49F8-B39A-C0CA401B8D6F}
	EndGlobalSection
EndGlobal
